
Microsoft Visual Studio Solution File, Format Version 12.00
# Visual Studio 15
VisualStudioVersion = 15.0.28010.2036
MinimumVisualStudioVersion = 10.0.40219.1
Project("{9A19103F-16F7-4668-BE54-9A1E7A4F7556}") = "Server", "Server\Server.csproj", "{713E4FEB-9DBF-4325-A203-D671FB3F08C7}"
EndProject
Project("{9A19103F-16F7-4668-BE54-9A1E7A4F7556}") = "Hubs", "Shared\Hubs.csproj", "{141E93BE-AA22-40A5-90F7-84FE35B29C20}"
EndProject
Project("{9A19103F-16F7-4668-BE54-9A1E7A4F7556}") = "ConsoleClient", "ConsoleClient\ConsoleClient.csproj", "{6CB7F345-E24A-4BFB-8F61-4C95611A6A7F}"
EndProject
Project("{FAE04EC0-301F-11D3-BF4B-00C04F79EFBC}") = "UWP", "UWP\UWP.csproj", "{639C0B46-087E-45FC-9382-288532DD6E6C}"
EndProject
Project("{2150E333-8FDC-42A3-9474-1A3956D46DE8}") = "Clients", "Clients", "{71A0D9FE-DF44-4B55-B651-F4C6ADA2B2FF}"
EndProject
Global
	GlobalSection(SolutionConfigurationPlatforms) = preSolution
		Debug|Any CPU = Debug|Any CPU
		Debug|ARM = Debug|ARM
		Debug|x64 = Debug|x64
		Debug|x86 = Debug|x86
		Release|Any CPU = Release|Any CPU
		Release|ARM = Release|ARM
		Release|x64 = Release|x64
		Release|x86 = Release|x86
	EndGlobalSection
	GlobalSection(ProjectConfigurationPlatforms) = postSolution
		{713E4FEB-9DBF-4325-A203-D671FB3F08C7}.Debug|Any CPU.ActiveCfg = Debug|Any CPU
		{713E4FEB-9DBF-4325-A203-D671FB3F08C7}.Debug|Any CPU.Build.0 = Debug|Any CPU
		{713E4FEB-9DBF-4325-A203-D671FB3F08C7}.Debug|ARM.ActiveCfg = Debug|Any CPU
		{713E4FEB-9DBF-4325-A203-D671FB3F08C7}.Debug|ARM.Build.0 = Debug|Any CPU
		{713E4FEB-9DBF-4325-A203-D671FB3F08C7}.Debug|x64.ActiveCfg = Debug|Any CPU
		{713E4FEB-9DBF-4325-A203-D671FB3F08C7}.Debug|x64.Build.0 = Debug|Any CPU
		{713E4FEB-9DBF-4325-A203-D671FB3F08C7}.Debug|x86.ActiveCfg = Debug|Any CPU
		{713E4FEB-9DBF-4325-A203-D671FB3F08C7}.Debug|x86.Build.0 = Debug|Any CPU
		{713E4FEB-9DBF-4325-A203-D671FB3F08C7}.Release|Any CPU.ActiveCfg = Release|Any CPU
		{713E4FEB-9DBF-4325-A203-D671FB3F08C7}.Release|Any CPU.Build.0 = Release|Any CPU
		{713E4FEB-9DBF-4325-A203-D671FB3F08C7}.Release|ARM.ActiveCfg = Release|Any CPU
		{713E4FEB-9DBF-4325-A203-D671FB3F08C7}.Release|ARM.Build.0 = Release|Any CPU
		{713E4FEB-9DBF-4325-A203-D671FB3F08C7}.Release|x64.ActiveCfg = Release|Any CPU
		{713E4FEB-9DBF-4325-A203-D671FB3F08C7}.Release|x64.Build.0 = Release|Any CPU
		{713E4FEB-9DBF-4325-A203-D671FB3F08C7}.Release|x86.ActiveCfg = Release|Any CPU
		{713E4FEB-9DBF-4325-A203-D671FB3F08C7}.Release|x86.Build.0 = Release|Any CPU
		{141E93BE-AA22-40A5-90F7-84FE35B29C20}.Debug|Any CPU.ActiveCfg = Debug|Any CPU
		{141E93BE-AA22-40A5-90F7-84FE35B29C20}.Debug|Any CPU.Build.0 = Debug|Any CPU
		{141E93BE-AA22-40A5-90F7-84FE35B29C20}.Debug|ARM.ActiveCfg = Debug|Any CPU
		{141E93BE-AA22-40A5-90F7-84FE35B29C20}.Debug|ARM.Build.0 = Debug|Any CPU
		{141E93BE-AA22-40A5-90F7-84FE35B29C20}.Debug|x64.ActiveCfg = Debug|Any CPU
		{141E93BE-AA22-40A5-90F7-84FE35B29C20}.Debug|x64.Build.0 = Debug|Any CPU
		{141E93BE-AA22-40A5-90F7-84FE35B29C20}.Debug|x86.ActiveCfg = Debug|Any CPU
		{141E93BE-AA22-40A5-90F7-84FE35B29C20}.Debug|x86.Build.0 = Debug|Any CPU
		{141E93BE-AA22-40A5-90F7-84FE35B29C20}.Release|Any CPU.ActiveCfg = Release|Any CPU
		{141E93BE-AA22-40A5-90F7-84FE35B29C20}.Release|Any CPU.Build.0 = Release|Any CPU
		{141E93BE-AA22-40A5-90F7-84FE35B29C20}.Release|ARM.ActiveCfg = Release|Any CPU
		{141E93BE-AA22-40A5-90F7-84FE35B29C20}.Release|ARM.Build.0 = Release|Any CPU
		{141E93BE-AA22-40A5-90F7-84FE35B29C20}.Release|x64.ActiveCfg = Release|Any CPU
		{141E93BE-AA22-40A5-90F7-84FE35B29C20}.Release|x64.Build.0 = Release|Any CPU
		{141E93BE-AA22-40A5-90F7-84FE35B29C20}.Release|x86.ActiveCfg = Release|Any CPU
		{141E93BE-AA22-40A5-90F7-84FE35B29C20}.Release|x86.Build.0 = Release|Any CPU
		{6CB7F345-E24A-4BFB-8F61-4C95611A6A7F}.Debug|Any CPU.ActiveCfg = Debug|Any CPU
		{6CB7F345-E24A-4BFB-8F61-4C95611A6A7F}.Debug|Any CPU.Build.0 = Debug|Any CPU
		{6CB7F345-E24A-4BFB-8F61-4C95611A6A7F}.Debug|ARM.ActiveCfg = Debug|Any CPU
		{6CB7F345-E24A-4BFB-8F61-4C95611A6A7F}.Debug|ARM.Build.0 = Debug|Any CPU
		{6CB7F345-E24A-4BFB-8F61-4C95611A6A7F}.Debug|x64.ActiveCfg = Debug|Any CPU
		{6CB7F345-E24A-4BFB-8F61-4C95611A6A7F}.Debug|x64.Build.0 = Debug|Any CPU
		{6CB7F345-E24A-4BFB-8F61-4C95611A6A7F}.Debug|x86.ActiveCfg = Debug|Any CPU
		{6CB7F345-E24A-4BFB-8F61-4C95611A6A7F}.Debug|x86.Build.0 = Debug|Any CPU
		{6CB7F345-E24A-4BFB-8F61-4C95611A6A7F}.Release|Any CPU.ActiveCfg = Release|Any CPU
		{6CB7F345-E24A-4BFB-8F61-4C95611A6A7F}.Release|Any CPU.Build.0 = Release|Any CPU
		{6CB7F345-E24A-4BFB-8F61-4C95611A6A7F}.Release|ARM.ActiveCfg = Release|Any CPU
		{6CB7F345-E24A-4BFB-8F61-4C95611A6A7F}.Release|ARM.Build.0 = Release|Any CPU
		{6CB7F345-E24A-4BFB-8F61-4C95611A6A7F}.Release|x64.ActiveCfg = Release|Any CPU
		{6CB7F345-E24A-4BFB-8F61-4C95611A6A7F}.Release|x64.Build.0 = Release|Any CPU
		{6CB7F345-E24A-4BFB-8F61-4C95611A6A7F}.Release|x86.ActiveCfg = Release|Any CPU
		{6CB7F345-E24A-4BFB-8F61-4C95611A6A7F}.Release|x86.Build.0 = Release|Any CPU
		{639C0B46-087E-45FC-9382-288532DD6E6C}.Debug|Any CPU.ActiveCfg = Debug|x86
		{639C0B46-087E-45FC-9382-288532DD6E6C}.Debug|ARM.ActiveCfg = Debug|ARM
		{639C0B46-087E-45FC-9382-288532DD6E6C}.Debug|ARM.Build.0 = Debug|ARM
		{639C0B46-087E-45FC-9382-288532DD6E6C}.Debug|ARM.Deploy.0 = Debug|ARM
		{639C0B46-087E-45FC-9382-288532DD6E6C}.Debug|x64.ActiveCfg = Debug|x64
		{639C0B46-087E-45FC-9382-288532DD6E6C}.Debug|x64.Build.0 = Debug|x64
		{639C0B46-087E-45FC-9382-288532DD6E6C}.Debug|x64.Deploy.0 = Debug|x64
		{639C0B46-087E-45FC-9382-288532DD6E6C}.Debug|x86.ActiveCfg = Debug|x86
		{639C0B46-087E-45FC-9382-288532DD6E6C}.Debug|x86.Build.0 = Debug|x86
		{639C0B46-087E-45FC-9382-288532DD6E6C}.Debug|x86.Deploy.0 = Debug|x86
		{639C0B46-087E-45FC-9382-288532DD6E6C}.Release|Any CPU.ActiveCfg = Release|x86
		{639C0B46-087E-45FC-9382-288532DD6E6C}.Release|ARM.ActiveCfg = Release|ARM
		{639C0B46-087E-45FC-9382-288532DD6E6C}.Release|ARM.Build.0 = Release|ARM
		{639C0B46-087E-45FC-9382-288532DD6E6C}.Release|ARM.Deploy.0 = Release|ARM
		{639C0B46-087E-45FC-9382-288532DD6E6C}.Release|x64.ActiveCfg = Release|x64
		{639C0B46-087E-45FC-9382-288532DD6E6C}.Release|x64.Build.0 = Release|x64
		{639C0B46-087E-45FC-9382-288532DD6E6C}.Release|x64.Deploy.0 = Release|x64
		{639C0B46-087E-45FC-9382-288532DD6E6C}.Release|x86.ActiveCfg = Release|x86
		{639C0B46-087E-45FC-9382-288532DD6E6C}.Release|x86.Build.0 = Release|x86
		{639C0B46-087E-45FC-9382-288532DD6E6C}.Release|x86.Deploy.0 = Release|x86
	EndGlobalSection
	GlobalSection(SolutionProperties) = preSolution
		HideSolutionNode = FALSE
	EndGlobalSection
	GlobalSection(NestedProjects) = preSolution
		{6CB7F345-E24A-4BFB-8F61-4C95611A6A7F} = {71A0D9FE-DF44-4B55-B651-F4C6ADA2B2FF}
		{639C0B46-087E-45FC-9382-288532DD6E6C} = {71A0D9FE-DF44-4B55-B651-F4C6ADA2B2FF}
	EndGlobalSection
	GlobalSection(ExtensibilityGlobals) = postSolution
		SolutionGuid = {0EB91DDD-69A3-4CD7-9E15-D6472E8E3962}
	EndGlobalSection
EndGlobal
